// !$*UTF8*$!
{
	archiveVersion = 1;
	classes = {
	};
	objectVersion = 50;
	objects = {

/* Begin PBXBuildFile section */
		EC056A3C211A896900F8D122 /* AppDelegate.swift in Sources */ = {isa = PBXBuildFile; fileRef = EC056A3B211A896900F8D122 /* AppDelegate.swift */; };
		EC056A41211A896900F8D122 /* Main.storyboard in Resources */ = {isa = PBXBuildFile; fileRef = EC056A3F211A896900F8D122 /* Main.storyboard */; };
		EC056A43211A896A00F8D122 /* Assets.xcassets in Resources */ = {isa = PBXBuildFile; fileRef = EC056A42211A896A00F8D122 /* Assets.xcassets */; };
		EC056A46211A896A00F8D122 /* LaunchScreen.storyboard in Resources */ = {isa = PBXBuildFile; fileRef = EC056A44211A896A00F8D122 /* LaunchScreen.storyboard */; };
		EC056A51211A896A00F8D122 /* PitchPerfectTests.swift in Sources */ = {isa = PBXBuildFile; fileRef = EC056A50211A896A00F8D122 /* PitchPerfectTests.swift */; };
		EC056A5C211A896A00F8D122 /* PitchPerfectUITests.swift in Sources */ = {isa = PBXBuildFile; fileRef = EC056A5B211A896A00F8D122 /* PitchPerfectUITests.swift */; };
		EC056A71211BD51600F8D122 /* GradientView.swift in Sources */ = {isa = PBXBuildFile; fileRef = EC056A70211BD51600F8D122 /* GradientView.swift */; };
		EC056A73211CD7C000F8D122 /* PlayViewController.swift in Sources */ = {isa = PBXBuildFile; fileRef = EC056A72211CD7C000F8D122 /* PlayViewController.swift */; };
		EC056A75211CD7F400F8D122 /* RecordViewController.swift in Sources */ = {isa = PBXBuildFile; fileRef = EC056A74211CD7F400F8D122 /* RecordViewController.swift */; };
		EC056A772122A55500F8D122 /*  PlayViewController+Audio.swift in Sources */ = {isa = PBXBuildFile; fileRef = EC056A762122A55500F8D122 /*  PlayViewController+Audio.swift */; };
		EC056A7B2123F5F900F8D122 /* LFTPulseAnimation.swift in Sources */ = {isa = PBXBuildFile; fileRef = EC056A7A2123F5F900F8D122 /* LFTPulseAnimation.swift */; };
		EC056AB72126986D00F8D122 /* Style.swift in Sources */ = {isa = PBXBuildFile; fileRef = EC056AB62126986D00F8D122 /* Style.swift */; };
/* End PBXBuildFile section */

/* Begin PBXContainerItemProxy section */
		EC056A4D211A896A00F8D122 /* PBXContainerItemProxy */ = {
			isa = PBXContainerItemProxy;
			containerPortal = EC056A30211A896900F8D122 /* Project object */;
			proxyType = 1;
			remoteGlobalIDString = EC056A37211A896900F8D122;
			remoteInfo = PitchPerfect;
		};
		EC056A58211A896A00F8D122 /* PBXContainerItemProxy */ = {
			isa = PBXContainerItemProxy;
			containerPortal = EC056A30211A896900F8D122 /* Project object */;
			proxyType = 1;
			remoteGlobalIDString = EC056A37211A896900F8D122;
			remoteInfo = PitchPerfect;
		};
/* End PBXContainerItemProxy section */

/* Begin PBXFileReference section */
		EC056A38211A896900F8D122 /* PitchPerfect.app */ = {isa = PBXFileReference; explicitFileType = wrapper.application; includeInIndex = 0; path = PitchPerfect.app; sourceTree = BUILT_PRODUCTS_DIR; };
		EC056A3B211A896900F8D122 /* AppDelegate.swift */ = {isa = PBXFileReference; lastKnownFileType = sourcecode.swift; path = AppDelegate.swift; sourceTree = "<group>"; };
		EC056A40211A896900F8D122 /* Base */ = {isa = PBXFileReference; lastKnownFileType = file.storyboard; name = Base; path = Base.lproj/Main.storyboard; sourceTree = "<group>"; };
		EC056A42211A896A00F8D122 /* Assets.xcassets */ = {isa = PBXFileReference; lastKnownFileType = folder.assetcatalog; path = Assets.xcassets; sourceTree = "<group>"; };
		EC056A45211A896A00F8D122 /* Base */ = {isa = PBXFileReference; lastKnownFileType = file.storyboard; name = Base; path = Base.lproj/LaunchScreen.storyboard; sourceTree = "<group>"; };
		EC056A47211A896A00F8D122 /* Info.plist */ = {isa = PBXFileReference; lastKnownFileType = text.plist.xml; path = Info.plist; sourceTree = "<group>"; };
		EC056A4C211A896A00F8D122 /* PitchPerfectTests.xctest */ = {isa = PBXFileReference; explicitFileType = wrapper.cfbundle; includeInIndex = 0; path = PitchPerfectTests.xctest; sourceTree = BUILT_PRODUCTS_DIR; };
		EC056A50211A896A00F8D122 /* PitchPerfectTests.swift */ = {isa = PBXFileReference; lastKnownFileType = sourcecode.swift; path = PitchPerfectTests.swift; sourceTree = "<group>"; };
		EC056A52211A896A00F8D122 /* Info.plist */ = {isa = PBXFileReference; lastKnownFileType = text.plist.xml; path = Info.plist; sourceTree = "<group>"; };
		EC056A57211A896A00F8D122 /* PitchPerfectUITests.xctest */ = {isa = PBXFileReference; explicitFileType = wrapper.cfbundle; includeInIndex = 0; path = PitchPerfectUITests.xctest; sourceTree = BUILT_PRODUCTS_DIR; };
		EC056A5B211A896A00F8D122 /* PitchPerfectUITests.swift */ = {isa = PBXFileReference; lastKnownFileType = sourcecode.swift; path = PitchPerfectUITests.swift; sourceTree = "<group>"; };
		EC056A5D211A896A00F8D122 /* Info.plist */ = {isa = PBXFileReference; lastKnownFileType = text.plist.xml; path = Info.plist; sourceTree = "<group>"; };
		EC056A70211BD51600F8D122 /* GradientView.swift */ = {isa = PBXFileReference; lastKnownFileType = sourcecode.swift; path = GradientView.swift; sourceTree = "<group>"; };
		EC056A72211CD7C000F8D122 /* PlayViewController.swift */ = {isa = PBXFileReference; lastKnownFileType = sourcecode.swift; path = PlayViewController.swift; sourceTree = "<group>"; };
		EC056A74211CD7F400F8D122 /* RecordViewController.swift */ = {isa = PBXFileReference; lastKnownFileType = sourcecode.swift; path = RecordViewController.swift; sourceTree = "<group>"; };
		EC056A762122A55500F8D122 /*  PlayViewController+Audio.swift */ = {isa = PBXFileReference; lastKnownFileType = sourcecode.swift; path = " PlayViewController+Audio.swift"; sourceTree = "<group>"; };
		EC056A7A2123F5F900F8D122 /* LFTPulseAnimation.swift */ = {isa = PBXFileReference; fileEncoding = 4; lastKnownFileType = sourcecode.swift; path = LFTPulseAnimation.swift; sourceTree = "<group>"; };
		EC056AB62126986D00F8D122 /* Style.swift */ = {isa = PBXFileReference; lastKnownFileType = sourcecode.swift; path = Style.swift; sourceTree = "<group>"; };
/* End PBXFileReference section */

/* Begin PBXFrameworksBuildPhase section */
		EC056A35211A896900F8D122 /* Frameworks */ = {
			isa = PBXFrameworksBuildPhase;
			buildActionMask = 2147483647;
			files = (
			);
			runOnlyForDeploymentPostprocessing = 0;
		};
		EC056A49211A896A00F8D122 /* Frameworks */ = {
			isa = PBXFrameworksBuildPhase;
			buildActionMask = 2147483647;
			files = (
			);
			runOnlyForDeploymentPostprocessing = 0;
		};
		EC056A54211A896A00F8D122 /* Frameworks */ = {
			isa = PBXFrameworksBuildPhase;
			buildActionMask = 2147483647;
			files = (
			);
			runOnlyForDeploymentPostprocessing = 0;
		};
/* End PBXFrameworksBuildPhase section */

/* Begin PBXGroup section */
		EC056A2F211A896900F8D122 = {
			isa = PBXGroup;
			children = (
				EC056A3A211A896900F8D122 /* PitchPerfect */,
				EC056A4F211A896A00F8D122 /* PitchPerfectTests */,
				EC056A5A211A896A00F8D122 /* PitchPerfectUITests */,
				EC056A39211A896900F8D122 /* Products */,
			);
			sourceTree = "<group>";
		};
		EC056A39211A896900F8D122 /* Products */ = {
			isa = PBXGroup;
			children = (
				EC056A38211A896900F8D122 /* PitchPerfect.app */,
				EC056A4C211A896A00F8D122 /* PitchPerfectTests.xctest */,
				EC056A57211A896A00F8D122 /* PitchPerfectUITests.xctest */,
			);
			name = Products;
			sourceTree = "<group>";
		};
		EC056A3A211A896900F8D122 /* PitchPerfect */ = {
			isa = PBXGroup;
			children = (
				EC056A47211A896A00F8D122 /* Info.plist */,
				EC056A6F211BD4CF00F8D122 /* SupportingFiles */,
				EC056A6A211A898000F8D122 /* View */,
				EC056A6B211A898C00F8D122 /* Controller */,
			);
			path = PitchPerfect;
			sourceTree = "<group>";
		};
		EC056A4F211A896A00F8D122 /* PitchPerfectTests */ = {
			isa = PBXGroup;
			children = (
				EC056A50211A896A00F8D122 /* PitchPerfectTests.swift */,
				EC056A52211A896A00F8D122 /* Info.plist */,
			);
			path = PitchPerfectTests;
			sourceTree = "<group>";
		};
		EC056A5A211A896A00F8D122 /* PitchPerfectUITests */ = {
			isa = PBXGroup;
			children = (
				EC056A5B211A896A00F8D122 /* PitchPerfectUITests.swift */,
				EC056A5D211A896A00F8D122 /* Info.plist */,
			);
			path = PitchPerfectUITests;
			sourceTree = "<group>";
		};
		EC056A6A211A898000F8D122 /* View */ = {
			isa = PBXGroup;
			children = (
				EC056A3F211A896900F8D122 /* Main.storyboard */,
				EC056A44211A896A00F8D122 /* LaunchScreen.storyboard */,
				EC056A42211A896A00F8D122 /* Assets.xcassets */,
			);
			path = View;
			sourceTree = "<group>";
		};
		EC056A6B211A898C00F8D122 /* Controller */ = {
			isa = PBXGroup;
			children = (
				EC056A74211CD7F400F8D122 /* RecordViewController.swift */,
				EC056A72211CD7C000F8D122 /* PlayViewController.swift */,
				EC056A762122A55500F8D122 /*  PlayViewController+Audio.swift */,
			);
			path = Controller;
			sourceTree = "<group>";
		};
		EC056A6F211BD4CF00F8D122 /* SupportingFiles */ = {
			isa = PBXGroup;
			children = (
				EC056A3B211A896900F8D122 /* AppDelegate.swift */,
				EC056A70211BD51600F8D122 /* GradientView.swift */,
				EC056A7A2123F5F900F8D122 /* LFTPulseAnimation.swift */,
				EC056AB62126986D00F8D122 /* Style.swift */,
			);
			path = SupportingFiles;
			sourceTree = "<group>";
		};
/* End PBXGroup section */

/* Begin PBXNativeTarget section */
		EC056A37211A896900F8D122 /* PitchPerfect */ = {
			isa = PBXNativeTarget;
			buildConfigurationList = EC056A60211A896A00F8D122 /* Build configuration list for PBXNativeTarget "PitchPerfect" */;
			buildPhases = (
				EC056A34211A896900F8D122 /* Sources */,
				EC056A35211A896900F8D122 /* Frameworks */,
				EC056A36211A896900F8D122 /* Resources */,
			);
			buildRules = (
			);
			dependencies = (
			);
			name = PitchPerfect;
			productName = PitchPerfect;
			productReference = EC056A38211A896900F8D122 /* PitchPerfect.app */;
			productType = "com.apple.product-type.application";
		};
		EC056A4B211A896A00F8D122 /* PitchPerfectTests */ = {
			isa = PBXNativeTarget;
			buildConfigurationList = EC056A63211A896A00F8D122 /* Build configuration list for PBXNativeTarget "PitchPerfectTests" */;
			buildPhases = (
				EC056A48211A896A00F8D122 /* Sources */,
				EC056A49211A896A00F8D122 /* Frameworks */,
				EC056A4A211A896A00F8D122 /* Resources */,
			);
			buildRules = (
			);
			dependencies = (
				EC056A4E211A896A00F8D122 /* PBXTargetDependency */,
			);
			name = PitchPerfectTests;
			productName = PitchPerfectTests;
			productReference = EC056A4C211A896A00F8D122 /* PitchPerfectTests.xctest */;
			productType = "com.apple.product-type.bundle.unit-test";
		};
		EC056A56211A896A00F8D122 /* PitchPerfectUITests */ = {
			isa = PBXNativeTarget;
			buildConfigurationList = EC056A66211A896A00F8D122 /* Build configuration list for PBXNativeTarget "PitchPerfectUITests" */;
			buildPhases = (
				EC056A53211A896A00F8D122 /* Sources */,
				EC056A54211A896A00F8D122 /* Frameworks */,
				EC056A55211A896A00F8D122 /* Resources */,
			);
			buildRules = (
			);
			dependencies = (
				EC056A59211A896A00F8D122 /* PBXTargetDependency */,
			);
			name = PitchPerfectUITests;
			productName = PitchPerfectUITests;
			productReference = EC056A57211A896A00F8D122 /* PitchPerfectUITests.xctest */;
			productType = "com.apple.product-type.bundle.ui-testing";
		};
/* End PBXNativeTarget section */

/* Begin PBXProject section */
		EC056A30211A896900F8D122 /* Project object */ = {
			isa = PBXProject;
			attributes = {
				LastSwiftUpdateCheck = 0940;
				LastUpgradeCheck = 0940;
				ORGANIZATIONNAME = "Runa Alam";
				TargetAttributes = {
					EC056A37211A896900F8D122 = {
						CreatedOnToolsVersion = 9.4.1;
					};
					EC056A4B211A896A00F8D122 = {
						CreatedOnToolsVersion = 9.4.1;
						TestTargetID = EC056A37211A896900F8D122;
					};
					EC056A56211A896A00F8D122 = {
						CreatedOnToolsVersion = 9.4.1;
						TestTargetID = EC056A37211A896900F8D122;
					};
				};
			};
			buildConfigurationList = EC056A33211A896900F8D122 /* Build configuration list for PBXProject "PitchPerfect" */;
			compatibilityVersion = "Xcode 9.3";
			developmentRegion = en;
			hasScannedForEncodings = 0;
			knownRegions = (
				en,
				Base,
			);
			mainGroup = EC056A2F211A896900F8D122;
			productRefGroup = EC056A39211A896900F8D122 /* Products */;
			projectDirPath = "";
			projectRoot = "";
			targets = (
				EC056A37211A896900F8D122 /* PitchPerfect */,
				EC056A4B211A896A00F8D122 /* PitchPerfectTests */,
				EC056A56211A896A00F8D122 /* PitchPerfectUITests */,
			);
		};
/* End PBXProject section */

/* Begin PBXResourcesBuildPhase section */
		EC056A36211A896900F8D122 /* Resources */ = {
			isa = PBXResourcesBuildPhase;
			buildActionMask = 2147483647;
			files = (
				EC056A46211A896A00F8D122 /* LaunchScreen.storyboard in Resources */,
				EC056A43211A896A00F8D122 /* Assets.xcassets in Resources */,
				EC056A41211A896900F8D122 /* Main.storyboard in Resources */,
			);
			runOnlyForDeploymentPostprocessing = 0;
		};
		EC056A4A211A896A00F8D122 /* Resources */ = {
			isa = PBXResourcesBuildPhase;
			buildActionMask = 2147483647;
			files = (
			);
			runOnlyForDeploymentPostprocessing = 0;
		};
		EC056A55211A896A00F8D122 /* Resources */ = {
			isa = PBXResourcesBuildPhase;
			buildActionMask = 2147483647;
			files = (
			);
			runOnlyForDeploymentPostprocessing = 0;
		};
/* End PBXResourcesBuildPhase section */

/* Begin PBXSourcesBuildPhase section */
		EC056A34211A896900F8D122 /* Sources */ = {
			isa = PBXSourcesBuildPhase;
			buildActionMask = 2147483647;
			files = (
				EC056A73211CD7C000F8D122 /* PlayViewController.swift in Sources */,
				EC056A3C211A896900F8D122 /* AppDelegate.swift in Sources */,
				EC056A71211BD51600F8D122 /* GradientView.swift in Sources */,
				EC056A7B2123F5F900F8D122 /* LFTPulseAnimation.swift in Sources */,
				EC056A772122A55500F8D122 /*  PlayViewController+Audio.swift in Sources */,
				EC056AB72126986D00F8D122 /* Style.swift in Sources */,
				EC056A75211CD7F400F8D122 /* RecordViewController.swift in Sources */,
			);
			runOnlyForDeploymentPostprocessing = 0;
		};
		EC056A48211A896A00F8D122 /* Sources */ = {
			isa = PBXSourcesBuildPhase;
			buildActionMask = 2147483647;
			files = (
				EC056A51211A896A00F8D122 /* PitchPerfectTests.swift in Sources */,
			);
			runOnlyForDeploymentPostprocessing = 0;
		};
		EC056A53211A896A00F8D122 /* Sources */ = {
			isa = PBXSourcesBuildPhase;
			buildActionMask = 2147483647;
			files = (
				EC056A5C211A896A00F8D122 /* PitchPerfectUITests.swift in Sources */,
			);
			runOnlyForDeploymentPostprocessing = 0;
		};
/* End PBXSourcesBuildPhase section */

/* Begin PBXTargetDependency section */
		EC056A4E211A896A00F8D122 /* PBXTargetDependency */ = {
			isa = PBXTargetDependency;
			target = EC056A37211A896900F8D122 /* PitchPerfect */;
			targetProxy = EC056A4D211A896A00F8D122 /* PBXContainerItemProxy */;
		};
		EC056A59211A896A00F8D122 /* PBXTargetDependency */ = {
			isa = PBXTargetDependency;
			target = EC056A37211A896900F8D122 /* PitchPerfect */;
			targetProxy = EC056A58211A896A00F8D122 /* PBXContainerItemProxy */;
		};
/* End PBXTargetDependency section */

/* Begin PBXVariantGroup section */
		EC056A3F211A896900F8D122 /* Main.storyboard */ = {
			isa = PBXVariantGroup;
			children = (
				EC056A40211A896900F8D122 /* Base */,
			);
			name = Main.storyboard;
			sourceTree = "<group>";
		};
		EC056A44211A896A00F8D122 /* LaunchScreen.storyboard */ = {
			isa = PBXVariantGroup;
			children = (
				EC056A45211A896A00F8D122 /* Base */,
			);
			name = LaunchScreen.storyboard;
			sourceTree = "<group>";
		};
/* End PBXVariantGroup section */

/* Begin XCBuildConfiguration section */
		EC056A5E211A896A00F8D122 /* Debug */ = {
			isa = XCBuildConfiguration;
			buildSettings = {
				ALWAYS_SEARCH_USER_PATHS = NO;
				CLANG_ANALYZER_NONNULL = YES;
				CLANG_ANALYZER_NUMBER_OBJECT_CONVERSION = YES_AGGRESSIVE;
				CLANG_CXX_LANGUAGE_STANDARD = "gnu++14";
				CLANG_CXX_LIBRARY = "libc++";
				CLANG_ENABLE_MODULES = YES;
				CLANG_ENABLE_OBJC_ARC = YES;
				CLANG_ENABLE_OBJC_WEAK = YES;
				CLANG_WARN_BLOCK_CAPTURE_AUTORELEASING = YES;
				CLANG_WARN_BOOL_CONVERSION = YES;
				CLANG_WARN_COMMA = YES;
				CLANG_WARN_CONSTANT_CONVERSION = YES;
				CLANG_WARN_DEPRECATED_OBJC_IMPLEMENTATIONS = YES;
				CLANG_WARN_DIRECT_OBJC_ISA_USAGE = YES_ERROR;
				CLANG_WARN_DOCUMENTATION_COMMENTS = YES;
				CLANG_WARN_EMPTY_BODY = YES;
				CLANG_WARN_ENUM_CONVERSION = YES;
				CLANG_WARN_INFINITE_RECURSION = YES;
				CLANG_WARN_INT_CONVERSION = YES;
				CLANG_WARN_NON_LITERAL_NULL_CONVERSION = YES;
				CLANG_WARN_OBJC_IMPLICIT_RETAIN_SELF = YES;
				CLANG_WARN_OBJC_LITERAL_CONVERSION = YES;
				CLANG_WARN_OBJC_ROOT_CLASS = YES_ERROR;
				CLANG_WARN_RANGE_LOOP_ANALYSIS = YES;
				CLANG_WARN_STRICT_PROTOTYPES = YES;
				CLANG_WARN_SUSPICIOUS_MOVE = YES;
				CLANG_WARN_UNGUARDED_AVAILABILITY = YES_AGGRESSIVE;
				CLANG_WARN_UNREACHABLE_CODE = YES;
				CLANG_WARN__DUPLICATE_METHOD_MATCH = YES;
				CODE_SIGN_IDENTITY = "iPhone Developer";
				COPY_PHASE_STRIP = NO;
				DEBUG_INFORMATION_FORMAT = dwarf;
				ENABLE_STRICT_OBJC_MSGSEND = YES;
				ENABLE_TESTABILITY = YES;
				GCC_C_LANGUAGE_STANDARD = gnu11;
				GCC_DYNAMIC_NO_PIC = NO;
				GCC_NO_COMMON_BLOCKS = YES;
				GCC_OPTIMIZATION_LEVEL = 0;
				GCC_PREPROCESSOR_DEFINITIONS = (
					"DEBUG=1",
					"$(inherited)",
				);
				GCC_WARN_64_TO_32_BIT_CONVERSION = YES;
				GCC_WARN_ABOUT_RETURN_TYPE = YES_ERROR;
				GCC_WARN_UNDECLARED_SELECTOR = YES;
				GCC_WARN_UNINITIALIZED_AUTOS = YES_AGGRESSIVE;
				GCC_WARN_UNUSED_FUNCTION = YES;
				GCC_WARN_UNUSED_VARIABLE = YES;
				IPHONEOS_DEPLOYMENT_TARGET = 11.4;
				MTL_ENABLE_DEBUG_INFO = YES;
				ONLY_ACTIVE_ARCH = YES;
				SDKROOT = iphoneos;
				SWIFT_ACTIVE_COMPILATION_CONDITIONS = DEBUG;
				SWIFT_OPTIMIZATION_LEVEL = "-Onone";
			};
			name = Debug;
		};
		EC056A5F211A896A00F8D122 /* Release */ = {
			isa = XCBuildConfiguration;
			buildSettings = {
				ALWAYS_SEARCH_USER_PATHS = NO;
				CLANG_ANALYZER_NONNULL = YES;
				CLANG_ANALYZER_NUMBER_OBJECT_CONVERSION = YES_AGGRESSIVE;
				CLANG_CXX_LANGUAGE_STANDARD = "gnu++14";
				CLANG_CXX_LIBRARY = "libc++";
				CLANG_ENABLE_MODULES = YES;
				CLANG_ENABLE_OBJC_ARC = YES;
				CLANG_ENABLE_OBJC_WEAK = YES;
				CLANG_WARN_BLOCK_CAPTURE_AUTORELEASING = YES;
				CLANG_WARN_BOOL_CONVERSION = YES;
				CLANG_WARN_COMMA = YES;
				CLANG_WARN_CONSTANT_CONVERSION = YES;
				CLANG_WARN_DEPRECATED_OBJC_IMPLEMENTATIONS = YES;
				CLANG_WARN_DIRECT_OBJC_ISA_USAGE = YES_ERROR;
				CLANG_WARN_DOCUMENTATION_COMMENTS = YES;
				CLANG_WARN_EMPTY_BODY = YES;
				CLANG_WARN_ENUM_CONVERSION = YES;
				CLANG_WARN_INFINITE_RECURSION = YES;
				CLANG_WARN_INT_CONVERSION = YES;
				CLANG_WARN_NON_LITERAL_NULL_CONVERSION = YES;
				CLANG_WARN_OBJC_IMPLICIT_RETAIN_SELF = YES;
				CLANG_WARN_OBJC_LITERAL_CONVERSION = YES;
				CLANG_WARN_OBJC_ROOT_CLASS = YES_ERROR;
				CLANG_WARN_RANGE_LOOP_ANALYSIS = YES;
				CLANG_WARN_STRICT_PROTOTYPES = YES;
				CLANG_WARN_SUSPICIOUS_MOVE = YES;
				CLANG_WARN_UNGUARDED_AVAILABILITY = YES_AGGRESSIVE;
				CLANG_WARN_UNREACHABLE_CODE = YES;
				CLANG_WARN__DUPLICATE_METHOD_MATCH = YES;
				CODE_SIGN_IDENTITY = "iPhone Developer";
				COPY_PHASE_STRIP = NO;
				DEBUG_INFORMATION_FORMAT = "dwarf-with-dsym";
				ENABLE_NS_ASSERTIONS = NO;
				ENABLE_STRICT_OBJC_MSGSEND = YES;
				GCC_C_LANGUAGE_STANDARD = gnu11;
				GCC_NO_COMMON_BLOCKS = YES;
				GCC_WARN_64_TO_32_BIT_CONVERSION = YES;
				GCC_WARN_ABOUT_RETURN_TYPE = YES_ERROR;
				GCC_WARN_UNDECLARED_SELECTOR = YES;
				GCC_WARN_UNINITIALIZED_AUTOS = YES_AGGRESSIVE;
				GCC_WARN_UNUSED_FUNCTION = YES;
				GCC_WARN_UNUSED_VARIABLE = YES;
				IPHONEOS_DEPLOYMENT_TARGET = 11.4;
				MTL_ENABLE_DEBUG_INFO = NO;
				SDKROOT = iphoneos;
				SWIFT_COMPILATION_MODE = wholemodule;
				SWIFT_OPTIMIZATION_LEVEL = "-O";
				VALIDATE_PRODUCT = YES;
			};
			name = Release;
		};
		EC056A61211A896A00F8D122 /* Debug */ = {
			isa = XCBuildConfiguration;
			buildSettings = {
				ASSETCATALOG_COMPILER_APPICON_NAME = AppIcon;
				CODE_SIGN_STYLE = Automatic;
				DEVELOPMENT_TEAM = G79Q9T9KMW;
				INFOPLIST_FILE = PitchPerfect/Info.plist;
				LD_RUNPATH_SEARCH_PATHS = (
					"$(inherited)",
					"@executable_path/Frameworks",
				);
				PRODUCT_BUNDLE_IDENTIFIER = com.runaAlam.PitchPerfect;
				PRODUCT_NAME = "$(TARGET_NAME)";
				SWIFT_VERSION = 4.0;
				TARGETED_DEVICE_FAMILY = "1,2";
			};
			name = Debug;
		};
		EC056A62211A896A00F8D122 /* Release */ = {
			isa = XCBuildConfiguration;
			buildSettings = {
				ASSETCATALOG_COMPILER_APPICON_NAME = AppIcon;
				CODE_SIGN_STYLE = Automatic;
				DEVELOPMENT_TEAM = G79Q9T9KMW;
				INFOPLIST_FILE = PitchPerfect/Info.plist;
				LD_RUNPATH_SEARCH_PATHS = (
					"$(inherited)",
					"@executable_path/Frameworks",
				);
				PRODUCT_BUNDLE_IDENTIFIER = com.runaAlam.PitchPerfect;
				PRODUCT_NAME = "$(TARGET_NAME)";
				SWIFT_VERSION = 4.0;
				TARGETED_DEVICE_FAMILY = "1,2";
			};
			name = Release;
		};
		EC056A64211A896A00F8D122 /* Debug */ = {
			isa = XCBuildConfiguration;
			buildSettings = {
				ALWAYS_EMBED_SWIFT_STANDARD_LIBRARIES = YES;
				BUNDLE_LOADER = "$(TEST_HOST)";
				CODE_SIGN_STYLE = Automatic;
				DEVELOPMENT_TEAM = G79Q9T9KMW;
				INFOPLIST_FILE = PitchPerfectTests/Info.plist;
				LD_RUNPATH_SEARCH_PATHS = (
					"$(inherited)",
					"@executable_path/Frameworks",
					"@loader_path/Frameworks",
				);
				PRODUCT_BUNDLE_IDENTIFIER = com.runaAlam.PitchPerfectTests;
				PRODUCT_NAME = "$(TARGET_NAME)";
				SWIFT_VERSION = 4.0;
				TARGETED_DEVICE_FAMILY = "1,2";
				TEST_HOST = "$(BUILT_PRODUCTS_DIR)/PitchPerfect.app/PitchPerfect";
			};
			name = Debug;
		};
		EC056A65211A896A00F8D122 /* Release */ = {
			isa = XCBuildConfiguration;
			buildSettings = {
				ALWAYS_EMBED_SWIFT_STANDARD_LIBRARIES = YES;
				BUNDLE_LOADER = "$(TEST_HOST)";
				CODE_SIGN_STYLE = Automatic;
				DEVELOPMENT_TEAM = G79Q9T9KMW;
				INFOPLIST_FILE = PitchPerfectTests/Info.plist;
				LD_RUNPATH_SEARCH_PATHS = (
					"$(inherited)",
					"@executable_path/Frameworks",
					"@loader_path/Frameworks",
				);
				PRODUCT_BUNDLE_IDENTIFIER = com.runaAlam.PitchPerfectTests;
				PRODUCT_NAME = "$(TARGET_NAME)";
				SWIFT_VERSION = 4.0;
				TARGETED_DEVICE_FAMILY = "1,2";
				TEST_HOST = "$(BUILT_PRODUCTS_DIR)/PitchPerfect.app/PitchPerfect";
			};
			name = Release;
		};
		EC056A67211A896A00F8D122 /* Debug */ = {
			isa = XCBuildConfiguration;
			buildSettings = {
				ALWAYS_EMBED_SWIFT_STANDARD_LIBRARIES = YES;
				CODE_SIGN_STYLE = Automatic;
				DEVELOPMENT_TEAM = G79Q9T9KMW;
				INFOPLIST_FILE = PitchPerfectUITests/Info.plist;
				LD_RUNPATH_SEARCH_PATHS = (
					"$(inherited)",
					"@executable_path/Frameworks",
					"@loader_path/Frameworks",
				);
				PRODUCT_BUNDLE_IDENTIFIER = com.runaAlam.PitchPerfectUITests;
				PRODUCT_NAME = "$(TARGET_NAME)";
				SWIFT_VERSION = 4.0;
				TARGETED_DEVICE_FAMILY = "1,2";
				TEST_TARGET_NAME = PitchPerfect;
			};
			name = Debug;
		};
		EC056A68211A896A00F8D122 /* Release */ = {
			isa = XCBuildConfiguration;
			buildSettings = {
				ALWAYS_EMBED_SWIFT_STANDARD_LIBRARIES = YES;
				CODE_SIGN_STYLE = Automatic;
				DEVELOPMENT_TEAM = G79Q9T9KMW;
				INFOPLIST_FILE = PitchPerfectUITests/Info.plist;
				LD_RUNPATH_SEARCH_PATHS = (
					"$(inherited)",
					"@executable_path/Frameworks",
					"@loader_path/Frameworks",
				);
				PRODUCT_BUNDLE_IDENTIFIER = com.runaAlam.PitchPerfectUITests;
				PRODUCT_NAME = "$(TARGET_NAME)";
				SWIFT_VERSION = 4.0;
				TARGETED_DEVICE_FAMILY = "1,2";
				TEST_TARGET_NAME = PitchPerfect;
			};
			name = Release;
		};
/* End XCBuildConfiguration section */

/* Begin XCConfigurationList section */
		EC056A33211A896900F8D122 /* Build configuration list for PBXProject "PitchPerfect" */ = {
			isa = XCConfigurationList;
			buildConfigurations = (
				EC056A5E211A896A00F8D122 /* Debug */,
				EC056A5F211A896A00F8D122 /* Release */,
			);
			defaultConfigurationIsVisible = 0;
			defaultConfigurationName = Release;
		};
		EC056A60211A896A00F8D122 /* Build configuration list for PBXNativeTarget "PitchPerfect" */ = {
			isa = XCConfigurationList;
			buildConfigurations = (
				EC056A61211A896A00F8D122 /* Debug */,
				EC056A62211A896A00F8D122 /* Release */,
			);
			defaultConfigurationIsVisible = 0;
			defaultConfigurationName = Release;
		};
		EC056A63211A896A00F8D122 /* Build configuration list for PBXNativeTarget "PitchPerfectTests" */ = {
			isa = XCConfigurationList;
			buildConfigurations = (
				EC056A64211A896A00F8D122 /* Debug */,
				EC056A65211A896A00F8D122 /* Release */,
			);
			defaultConfigurationIsVisible = 0;
			defaultConfigurationName = Release;
		};
		EC056A66211A896A00F8D122 /* Build configuration list for PBXNativeTarget "PitchPerfectUITests" */ = {
			isa = XCConfigurationList;
			buildConfigurations = (
				EC056A67211A896A00F8D122 /* Debug */,
				EC056A68211A896A00F8D122 /* Release */,
			);
			defaultConfigurationIsVisible = 0;
			defaultConfigurationName = Release;
		};
/* End XCConfigurationList section */
	};
	rootObject = EC056A30211A896900F8D122 /* Project object */;
}
